
Microsoft Visual Studio Solution File, Format Version 12.00
# Visual Studio Version 17
VisualStudioVersion = 17.13.35806.99 d17.13
MinimumVisualStudioVersion = 10.0.40219.1
Project("{FAE04EC0-301F-11D3-BF4B-00C04F79EFBC}") = "Uri1016", "Uri1016\Uri1016.csproj", "{336F422E-D348-4393-B0AF-DB47B27D7704}"
EndProject
Global
	GlobalSection(SolutionConfigurationPlatforms) = preSolution
		Debug|Any CPU = Debug|Any CPU
		Release|Any CPU = Release|Any CPU
	EndGlobalSection
	GlobalSection(ProjectConfigurationPlatforms) = postSolution
		{336F422E-D348-4393-B0AF-DB47B27D7704}.Debug|Any CPU.ActiveCfg = Debug|Any CPU
		{336F422E-D348-4393-B0AF-DB47B27D7704}.Debug|Any CPU.Build.0 = Debug|Any CPU
		{336F422E-D348-4393-B0AF-DB47B27D7704}.Release|Any CPU.ActiveCfg = Release|Any CPU
		{336F422E-D348-4393-B0AF-DB47B27D7704}.Release|Any CPU.Build.0 = Release|Any CPU
	EndGlobalSection
	GlobalSection(SolutionProperties) = preSolution
		HideSolutionNode = FALSE
	EndGlobalSection
	GlobalSection(ExtensibilityGlobals) = postSolution
		SolutionGuid = {957B7F1B-814A-4831-B079-6AA0861D32A3}
	EndGlobalSection
EndGlobal
