
Microsoft Visual Studio Solution File, Format Version 12.00
# Visual Studio Version 17
VisualStudioVersion = 17.13.35806.99 d17.13
MinimumVisualStudioVersion = 10.0.40219.1
Project("{FAE04EC0-301F-11D3-BF4B-00C04F79EFBC}") = "Uri1019", "Uri1019\Uri1019.csproj", "{EFED4504-11B0-4E2B-825E-F8BDC4371400}"
EndProject
Global
	GlobalSection(SolutionConfigurationPlatforms) = preSolution
		Debug|Any CPU = Debug|Any CPU
		Release|Any CPU = Release|Any CPU
	EndGlobalSection
	GlobalSection(ProjectConfigurationPlatforms) = postSolution
		{EFED4504-11B0-4E2B-825E-F8BDC4371400}.Debug|Any CPU.ActiveCfg = Debug|Any CPU
		{EFED4504-11B0-4E2B-825E-F8BDC4371400}.Debug|Any CPU.Build.0 = Debug|Any CPU
		{EFED4504-11B0-4E2B-825E-F8BDC4371400}.Release|Any CPU.ActiveCfg = Release|Any CPU
		{EFED4504-11B0-4E2B-825E-F8BDC4371400}.Release|Any CPU.Build.0 = Release|Any CPU
	EndGlobalSection
	GlobalSection(SolutionProperties) = preSolution
		HideSolutionNode = FALSE
	EndGlobalSection
	GlobalSection(ExtensibilityGlobals) = postSolution
		SolutionGuid = {CB020D25-1B25-410F-846F-46521530A5AD}
	EndGlobalSection
EndGlobal
